
Microsoft Visual Studio Solution File, Format Version 12.00
# Visual Studio 15
VisualStudioVersion = 15.0.28307.329
MinimumVisualStudioVersion = 10.0.40219.1
Project("{9A19103F-16F7-4668-BE54-9A1E7A4F7556}") = "LambdaForums", "LambdaForums\LambdaForums.csproj", "{ECC49DD0-C23B-49DD-89ED-49197C7E873A}"
EndProject
Project("{9A19103F-16F7-4668-BE54-9A1E7A4F7556}") = "LambdaForums.Data", "LambdaForums.Data\LambdaForums.Data.csproj", "{42ABAC5C-3592-4EF6-841C-9AAE138DD9EA}"
EndProject
Project("{9A19103F-16F7-4668-BE54-9A1E7A4F7556}") = "LambdaForums.Service", "LambdaForums.Service\LambdaForums.Service.csproj", "{C901C548-67D9-4461-B65F-A4CA54032151}"
EndProject
Global
	GlobalSection(SolutionConfigurationPlatforms) = preSolution
		Debug|Any CPU = Debug|Any CPU
		Release|Any CPU = Release|Any CPU
	EndGlobalSection
	GlobalSection(ProjectConfigurationPlatforms) = postSolution
		{ECC49DD0-C23B-49DD-89ED-49197C7E873A}.Debug|Any CPU.ActiveCfg = Debug|Any CPU
		{ECC49DD0-C23B-49DD-89ED-49197C7E873A}.Debug|Any CPU.Build.0 = Debug|Any CPU
		{ECC49DD0-C23B-49DD-89ED-49197C7E873A}.Release|Any CPU.ActiveCfg = Release|Any CPU
		{ECC49DD0-C23B-49DD-89ED-49197C7E873A}.Release|Any CPU.Build.0 = Release|Any CPU
		{42ABAC5C-3592-4EF6-841C-9AAE138DD9EA}.Debug|Any CPU.ActiveCfg = Debug|Any CPU
		{42ABAC5C-3592-4EF6-841C-9AAE138DD9EA}.Debug|Any CPU.Build.0 = Debug|Any CPU
		{42ABAC5C-3592-4EF6-841C-9AAE138DD9EA}.Release|Any CPU.ActiveCfg = Release|Any CPU
		{42ABAC5C-3592-4EF6-841C-9AAE138DD9EA}.Release|Any CPU.Build.0 = Release|Any CPU
		{C901C548-67D9-4461-B65F-A4CA54032151}.Debug|Any CPU.ActiveCfg = Debug|Any CPU
		{C901C548-67D9-4461-B65F-A4CA54032151}.Debug|Any CPU.Build.0 = Debug|Any CPU
		{C901C548-67D9-4461-B65F-A4CA54032151}.Release|Any CPU.ActiveCfg = Release|Any CPU
		{C901C548-67D9-4461-B65F-A4CA54032151}.Release|Any CPU.Build.0 = Release|Any CPU
	EndGlobalSection
	GlobalSection(SolutionProperties) = preSolution
		HideSolutionNode = FALSE
	EndGlobalSection
	GlobalSection(ExtensibilityGlobals) = postSolution
		SolutionGuid = {30754771-27CE-4BC0-95D4-A8796160EDC0}
	EndGlobalSection
EndGlobal
